github.com/joho/godotenv v1.3.0 h1:Zjp+RcGpHhGlrMbJzXTrZZPrWj+1vfm90La1wgB6Bhc=
github.com/joho/godotenv v1.3.0/go.mod h1:7hK45KPybAkOC6peb+G5yklZfMxEjkZhHbwpqxOKXbg=
github.com/neo4j-drivers/gobolt v1.7.4 h1:80c7W+vtw39ES9Q85q9GZh4tJo+1MpQGpFTuo28CP+Y=
github.com/neo4j-drivers/gobolt v1.7.4/go.mod h1:O9AUbip4Dgre+CD3p40dnMD4a4r52QBIfblg5k7CTbE=
github.com/neo4j/neo4j-go-driver v1.7.4 h1:BgVVwYkG3DWcZGiOPUOkwkd54sSg+UHDaLYz3aiNCek=
github.com/neo4j/neo4j-go-driver v1.7.4/go.mod h1:aPO0vVr+WnhEJne+FgFjfsjzAnssPFLucHgGZ76Zb/U=
